
Microsoft Visual Studio Solution File, Format Version 12.00
# Visual Studio Version 16
VisualStudioVersion = 16.0.29905.134
MinimumVisualStudioVersion = 10.0.40219.1
Project("{FAE04EC0-301F-11D3-BF4B-00C04F79EFBC}") = "HelloDocFx", "HelloDocFx.csproj", "{2AA7D0FC-4868-490D-B689-8BD9AF549FA0}"
EndProject
Global
	GlobalSection(SolutionConfigurationPlatforms) = preSolution
		Debug|Any CPU = Debug|Any CPU
		Release|Any CPU = Release|Any CPU
	EndGlobalSection
	GlobalSection(ProjectConfigurationPlatforms) = postSolution
		{2AA7D0FC-4868-490D-B689-8BD9AF549FA0}.Debug|Any CPU.ActiveCfg = Debug|Any CPU
		{2AA7D0FC-4868-490D-B689-8BD9AF549FA0}.Debug|Any CPU.Build.0 = Debug|Any CPU
		{2AA7D0FC-4868-490D-B689-8BD9AF549FA0}.Release|Any CPU.ActiveCfg = Release|Any CPU
		{2AA7D0FC-4868-490D-B689-8BD9AF549FA0}.Release|Any CPU.Build.0 = Release|Any CPU
	EndGlobalSection
	GlobalSection(SolutionProperties) = preSolution
		HideSolutionNode = FALSE
	EndGlobalSection
	GlobalSection(ExtensibilityGlobals) = postSolution
		SolutionGuid = {39C6DB7B-58FF-4787-8FB9-18A475C569D0}
	EndGlobalSection
EndGlobal
